// !$*UTF8*$!
{
	archiveVersion = 1;
	classes = {
	};
	objectVersion = 56;
	objects = {

/* Begin PBXBuildFile section */
		86E135A62A9562D400FE8D65 /* Workshop23_08App.swift in Sources */ = {isa = PBXBuildFile; fileRef = 86E135A52A9562D400FE8D65 /* Workshop23_08App.swift */; };
		86E135A82A9562D400FE8D65 /* ContentView.swift in Sources */ = {isa = PBXBuildFile; fileRef = 86E135A72A9562D400FE8D65 /* ContentView.swift */; };
		86E135AA2A9562DC00FE8D65 /* Assets.xcassets in Resources */ = {isa = PBXBuildFile; fileRef = 86E135A92A9562DC00FE8D65 /* Assets.xcassets */; };
		86E135AD2A9562DC00FE8D65 /* Preview Assets.xcassets in Resources */ = {isa = PBXBuildFile; fileRef = 86E135AC2A9562DC00FE8D65 /* Preview Assets.xcassets */; };
		86E135D02A95630100FE8D65 /* ResetPasswordModel.swift in Sources */ = {isa = PBXBuildFile; fileRef = 86E135B52A95630100FE8D65 /* ResetPasswordModel.swift */; };
		86E135D12A95630100FE8D65 /* StepModel.swift in Sources */ = {isa = PBXBuildFile; fileRef = 86E135B62A95630100FE8D65 /* StepModel.swift */; };
		86E135D22A95630100FE8D65 /* InventoryModel.swift in Sources */ = {isa = PBXBuildFile; fileRef = 86E135B72A95630100FE8D65 /* InventoryModel.swift */; };
		86E135D32A95630100FE8D65 /* IngredientModel.swift in Sources */ = {isa = PBXBuildFile; fileRef = 86E135B82A95630100FE8D65 /* IngredientModel.swift */; };
		86E135D42A95630100FE8D65 /* CategoryModel.swift in Sources */ = {isa = PBXBuildFile; fileRef = 86E135B92A95630100FE8D65 /* CategoryModel.swift */; };
		86E135D52A95630100FE8D65 /* StrengthModel.swift in Sources */ = {isa = PBXBuildFile; fileRef = 86E135BA2A95630100FE8D65 /* StrengthModel.swift */; };
		86E135D62A95630100FE8D65 /* CocktailRecommendationModel.swift in Sources */ = {isa = PBXBuildFile; fileRef = 86E135BB2A95630100FE8D65 /* CocktailRecommendationModel.swift */; };
		86E135D72A95630100FE8D65 /* AuthorModel.swift in Sources */ = {isa = PBXBuildFile; fileRef = 86E135BC2A95630100FE8D65 /* AuthorModel.swift */; };
		86E135D82A95630100FE8D65 /* GlobalModel.swift in Sources */ = {isa = PBXBuildFile; fileRef = 86E135BD2A95630100FE8D65 /* GlobalModel.swift */; };
		86E135D92A95630100FE8D65 /* CocktailModel.swift in Sources */ = {isa = PBXBuildFile; fileRef = 86E135BE2A95630100FE8D65 /* CocktailModel.swift */; };
		86E135DA2A95630100FE8D65 /* JWTTokenModel.swift in Sources */ = {isa = PBXBuildFile; fileRef = 86E135BF2A95630100FE8D65 /* JWTTokenModel.swift */; };
		86E135DB2A95630100FE8D65 /* ComplexityModel.swift in Sources */ = {isa = PBXBuildFile; fileRef = 86E135C02A95630100FE8D65 /* ComplexityModel.swift */; };
		86E135DC2A95630100FE8D65 /* UserModel.swift in Sources */ = {isa = PBXBuildFile; fileRef = 86E135C12A95630100FE8D65 /* UserModel.swift */; };
		86E135DD2A95630100FE8D65 /* TasteModel.swift in Sources */ = {isa = PBXBuildFile; fileRef = 86E135C22A95630100FE8D65 /* TasteModel.swift */; };
		86E135DE2A95630100FE8D65 /* FormatModel.swift in Sources */ = {isa = PBXBuildFile; fileRef = 86E135C32A95630100FE8D65 /* FormatModel.swift */; };
		86E135DF2A95630100FE8D65 /* ProfilePicModel.swift in Sources */ = {isa = PBXBuildFile; fileRef = 86E135C42A95630100FE8D65 /* ProfilePicModel.swift */; };
		86E135E02A95630100FE8D65 /* TokenModel.swift in Sources */ = {isa = PBXBuildFile; fileRef = 86E135C52A95630100FE8D65 /* TokenModel.swift */; };
		86E135E12A95630100FE8D65 /* UserAggregateModel.swift in Sources */ = {isa = PBXBuildFile; fileRef = 86E135C72A95630100FE8D65 /* UserAggregateModel.swift */; };
		86E135E22A95630100FE8D65 /* PasswordResetAggregateModel.swift in Sources */ = {isa = PBXBuildFile; fileRef = 86E135C82A95630100FE8D65 /* PasswordResetAggregateModel.swift */; };
		86E135E32A95630100FE8D65 /* FilterAggregateModel.swift in Sources */ = {isa = PBXBuildFile; fileRef = 86E135C92A95630100FE8D65 /* FilterAggregateModel.swift */; };
		86E135E42A95630100FE8D65 /* CocktailAggregateModel.swift in Sources */ = {isa = PBXBuildFile; fileRef = 86E135CA2A95630100FE8D65 /* CocktailAggregateModel.swift */; };
		86E135E52A95630100FE8D65 /* IngredientAggregateModel.swift in Sources */ = {isa = PBXBuildFile; fileRef = 86E135CB2A95630100FE8D65 /* IngredientAggregateModel.swift */; };
		86E135E62A95630100FE8D65 /* AlertModel.swift in Sources */ = {isa = PBXBuildFile; fileRef = 86E135CD2A95630100FE8D65 /* AlertModel.swift */; };
		86E135E72A95630100FE8D65 /* AnyAnswerModel.swift in Sources */ = {isa = PBXBuildFile; fileRef = 86E135CE2A95630100FE8D65 /* AnyAnswerModel.swift */; };
		86E135E82A95630100FE8D65 /* UserCustom.swift in Sources */ = {isa = PBXBuildFile; fileRef = 86E135CF2A95630100FE8D65 /* UserCustom.swift */; };
		86E136012A95631400FE8D65 /* InventoryEndpoint.swift in Sources */ = {isa = PBXBuildFile; fileRef = 86E135EC2A95631400FE8D65 /* InventoryEndpoint.swift */; };
		86E136022A95631400FE8D65 /* StrengthEndpoint.swift in Sources */ = {isa = PBXBuildFile; fileRef = 86E135ED2A95631400FE8D65 /* StrengthEndpoint.swift */; };
		86E136032A95631400FE8D65 /* IngredientEndpoint.swift in Sources */ = {isa = PBXBuildFile; fileRef = 86E135EE2A95631400FE8D65 /* IngredientEndpoint.swift */; };
		86E136042A95631400FE8D65 /* CocktailEndpoint.swift in Sources */ = {isa = PBXBuildFile; fileRef = 86E135EF2A95631400FE8D65 /* CocktailEndpoint.swift */; };
		86E136052A95631400FE8D65 /* BarEndpoint.swift in Sources */ = {isa = PBXBuildFile; fileRef = 86E135F02A95631400FE8D65 /* BarEndpoint.swift */; };
		86E136062A95631400FE8D65 /* FormatEndpoint.swift in Sources */ = {isa = PBXBuildFile; fileRef = 86E135F12A95631400FE8D65 /* FormatEndpoint.swift */; };
		86E136072A95631400FE8D65 /* ComplexityEndpoint.swift in Sources */ = {isa = PBXBuildFile; fileRef = 86E135F22A95631400FE8D65 /* ComplexityEndpoint.swift */; };
		86E136082A95631400FE8D65 /* JWTEndpoint.swift in Sources */ = {isa = PBXBuildFile; fileRef = 86E135F32A95631400FE8D65 /* JWTEndpoint.swift */; };
		86E136092A95631400FE8D65 /* TasteEndpoint.swift in Sources */ = {isa = PBXBuildFile; fileRef = 86E135F42A95631400FE8D65 /* TasteEndpoint.swift */; };
		86E1360A2A95631400FE8D65 /* UserEndpoint.swift in Sources */ = {isa = PBXBuildFile; fileRef = 86E135F52A95631400FE8D65 /* UserEndpoint.swift */; };
		86E1360B2A95631400FE8D65 /* HTTPClient.swift in Sources */ = {isa = PBXBuildFile; fileRef = 86E135F72A95631400FE8D65 /* HTTPClient.swift */; };
		86E1360C2A95631400FE8D65 /* RequestMethod.swift in Sources */ = {isa = PBXBuildFile; fileRef = 86E135F82A95631400FE8D65 /* RequestMethod.swift */; };
		86E1360D2A95631400FE8D65 /* RequestError.swift in Sources */ = {isa = PBXBuildFile; fileRef = 86E135F92A95631400FE8D65 /* RequestError.swift */; };
		86E1360E2A95631400FE8D65 /* Endpoint.swift in Sources */ = {isa = PBXBuildFile; fileRef = 86E135FA2A95631400FE8D65 /* Endpoint.swift */; };
		86E1360F2A95631400FE8D65 /* UserService.swift in Sources */ = {isa = PBXBuildFile; fileRef = 86E135FC2A95631400FE8D65 /* UserService.swift */; };
		86E136102A95631400FE8D65 /* FilterService.swift in Sources */ = {isa = PBXBuildFile; fileRef = 86E135FD2A95631400FE8D65 /* FilterService.swift */; };
		86E136112A95631400FE8D65 /* IngredientService.swift in Sources */ = {isa = PBXBuildFile; fileRef = 86E135FE2A95631400FE8D65 /* IngredientService.swift */; };
		86E136122A95631400FE8D65 /* JWTService.swift in Sources */ = {isa = PBXBuildFile; fileRef = 86E135FF2A95631400FE8D65 /* JWTService.swift */; };
		86E136132A95631400FE8D65 /* CoctailService.swift in Sources */ = {isa = PBXBuildFile; fileRef = 86E136002A95631400FE8D65 /* CoctailService.swift */; };
/* End PBXBuildFile section */

/* Begin PBXFileReference section */
		86E135A22A9562D400FE8D65 /* Workshop23.08.app */ = {isa = PBXFileReference; explicitFileType = wrapper.application; includeInIndex = 0; path = Workshop23.08.app; sourceTree = BUILT_PRODUCTS_DIR; };
		86E135A52A9562D400FE8D65 /* Workshop23_08App.swift */ = {isa = PBXFileReference; lastKnownFileType = sourcecode.swift; path = Workshop23_08App.swift; sourceTree = "<group>"; };
		86E135A72A9562D400FE8D65 /* ContentView.swift */ = {isa = PBXFileReference; lastKnownFileType = sourcecode.swift; path = ContentView.swift; sourceTree = "<group>"; };
		86E135A92A9562DC00FE8D65 /* Assets.xcassets */ = {isa = PBXFileReference; lastKnownFileType = folder.assetcatalog; path = Assets.xcassets; sourceTree = "<group>"; };
		86E135AC2A9562DC00FE8D65 /* Preview Assets.xcassets */ = {isa = PBXFileReference; lastKnownFileType = folder.assetcatalog; path = "Preview Assets.xcassets"; sourceTree = "<group>"; };
		86E135B52A95630100FE8D65 /* ResetPasswordModel.swift */ = {isa = PBXFileReference; fileEncoding = 4; lastKnownFileType = sourcecode.swift; path = ResetPasswordModel.swift; sourceTree = "<group>"; };
		86E135B62A95630100FE8D65 /* StepModel.swift */ = {isa = PBXFileReference; fileEncoding = 4; lastKnownFileType = sourcecode.swift; path = StepModel.swift; sourceTree = "<group>"; };
		86E135B72A95630100FE8D65 /* InventoryModel.swift */ = {isa = PBXFileReference; fileEncoding = 4; lastKnownFileType = sourcecode.swift; path = InventoryModel.swift; sourceTree = "<group>"; };
		86E135B82A95630100FE8D65 /* IngredientModel.swift */ = {isa = PBXFileReference; fileEncoding = 4; lastKnownFileType = sourcecode.swift; path = IngredientModel.swift; sourceTree = "<group>"; };
		86E135B92A95630100FE8D65 /* CategoryModel.swift */ = {isa = PBXFileReference; fileEncoding = 4; lastKnownFileType = sourcecode.swift; path = CategoryModel.swift; sourceTree = "<group>"; };
		86E135BA2A95630100FE8D65 /* StrengthModel.swift */ = {isa = PBXFileReference; fileEncoding = 4; lastKnownFileType = sourcecode.swift; path = StrengthModel.swift; sourceTree = "<group>"; };
		86E135BB2A95630100FE8D65 /* CocktailRecommendationModel.swift */ = {isa = PBXFileReference; fileEncoding = 4; lastKnownFileType = sourcecode.swift; path = CocktailRecommendationModel.swift; sourceTree = "<group>"; };
		86E135BC2A95630100FE8D65 /* AuthorModel.swift */ = {isa = PBXFileReference; fileEncoding = 4; lastKnownFileType = sourcecode.swift; path = AuthorModel.swift; sourceTree = "<group>"; };
		86E135BD2A95630100FE8D65 /* GlobalModel.swift */ = {isa = PBXFileReference; fileEncoding = 4; lastKnownFileType = sourcecode.swift; path = GlobalModel.swift; sourceTree = "<group>"; };
		86E135BE2A95630100FE8D65 /* CocktailModel.swift */ = {isa = PBXFileReference; fileEncoding = 4; lastKnownFileType = sourcecode.swift; path = CocktailModel.swift; sourceTree = "<group>"; };
		86E135BF2A95630100FE8D65 /* JWTTokenModel.swift */ = {isa = PBXFileReference; fileEncoding = 4; lastKnownFileType = sourcecode.swift; path = JWTTokenModel.swift; sourceTree = "<group>"; };
		86E135C02A95630100FE8D65 /* ComplexityModel.swift */ = {isa = PBXFileReference; fileEncoding = 4; lastKnownFileType = sourcecode.swift; path = ComplexityModel.swift; sourceTree = "<group>"; };
		86E135C12A95630100FE8D65 /* UserModel.swift */ = {isa = PBXFileReference; fileEncoding = 4; lastKnownFileType = sourcecode.swift; path = UserModel.swift; sourceTree = "<group>"; };
		86E135C22A95630100FE8D65 /* TasteModel.swift */ = {isa = PBXFileReference; fileEncoding = 4; lastKnownFileType = sourcecode.swift; path = TasteModel.swift; sourceTree = "<group>"; };
		86E135C32A95630100FE8D65 /* FormatModel.swift */ = {isa = PBXFileReference; fileEncoding = 4; lastKnownFileType = sourcecode.swift; path = FormatModel.swift; sourceTree = "<group>"; };
		86E135C42A95630100FE8D65 /* ProfilePicModel.swift */ = {isa = PBXFileReference; fileEncoding = 4; lastKnownFileType = sourcecode.swift; path = ProfilePicModel.swift; sourceTree = "<group>"; };
		86E135C52A95630100FE8D65 /* TokenModel.swift */ = {isa = PBXFileReference; fileEncoding = 4; lastKnownFileType = sourcecode.swift; path = TokenModel.swift; sourceTree = "<group>"; };
		86E135C72A95630100FE8D65 /* UserAggregateModel.swift */ = {isa = PBXFileReference; fileEncoding = 4; lastKnownFileType = sourcecode.swift; path = UserAggregateModel.swift; sourceTree = "<group>"; };
		86E135C82A95630100FE8D65 /* PasswordResetAggregateModel.swift */ = {isa = PBXFileReference; fileEncoding = 4; lastKnownFileType = sourcecode.swift; path = PasswordResetAggregateModel.swift; sourceTree = "<group>"; };
		86E135C92A95630100FE8D65 /* FilterAggregateModel.swift */ = {isa = PBXFileReference; fileEncoding = 4; lastKnownFileType = sourcecode.swift; path = FilterAggregateModel.swift; sourceTree = "<group>"; };
		86E135CA2A95630100FE8D65 /* CocktailAggregateModel.swift */ = {isa = PBXFileReference; fileEncoding = 4; lastKnownFileType = sourcecode.swift; path = CocktailAggregateModel.swift; sourceTree = "<group>"; };
		86E135CB2A95630100FE8D65 /* IngredientAggregateModel.swift */ = {isa = PBXFileReference; fileEncoding = 4; lastKnownFileType = sourcecode.swift; path = IngredientAggregateModel.swift; sourceTree = "<group>"; };
		86E135CD2A95630100FE8D65 /* AlertModel.swift */ = {isa = PBXFileReference; fileEncoding = 4; lastKnownFileType = sourcecode.swift; path = AlertModel.swift; sourceTree = "<group>"; };
		86E135CE2A95630100FE8D65 /* AnyAnswerModel.swift */ = {isa = PBXFileReference; fileEncoding = 4; lastKnownFileType = sourcecode.swift; path = AnyAnswerModel.swift; sourceTree = "<group>"; };
		86E135CF2A95630100FE8D65 /* UserCustom.swift */ = {isa = PBXFileReference; fileEncoding = 4; lastKnownFileType = sourcecode.swift; path = UserCustom.swift; sourceTree = "<group>"; };
		86E135EC2A95631400FE8D65 /* InventoryEndpoint.swift */ = {isa = PBXFileReference; fileEncoding = 4; lastKnownFileType = sourcecode.swift; path = InventoryEndpoint.swift; sourceTree = "<group>"; };
		86E135ED2A95631400FE8D65 /* StrengthEndpoint.swift */ = {isa = PBXFileReference; fileEncoding = 4; lastKnownFileType = sourcecode.swift; path = StrengthEndpoint.swift; sourceTree = "<group>"; };
		86E135EE2A95631400FE8D65 /* IngredientEndpoint.swift */ = {isa = PBXFileReference; fileEncoding = 4; lastKnownFileType = sourcecode.swift; path = IngredientEndpoint.swift; sourceTree = "<group>"; };
		86E135EF2A95631400FE8D65 /* CocktailEndpoint.swift */ = {isa = PBXFileReference; fileEncoding = 4; lastKnownFileType = sourcecode.swift; path = CocktailEndpoint.swift; sourceTree = "<group>"; };
		86E135F02A95631400FE8D65 /* BarEndpoint.swift */ = {isa = PBXFileReference; fileEncoding = 4; lastKnownFileType = sourcecode.swift; path = BarEndpoint.swift; sourceTree = "<group>"; };
		86E135F12A95631400FE8D65 /* FormatEndpoint.swift */ = {isa = PBXFileReference; fileEncoding = 4; lastKnownFileType = sourcecode.swift; path = FormatEndpoint.swift; sourceTree = "<group>"; };
		86E135F22A95631400FE8D65 /* ComplexityEndpoint.swift */ = {isa = PBXFileReference; fileEncoding = 4; lastKnownFileType = sourcecode.swift; path = ComplexityEndpoint.swift; sourceTree = "<group>"; };
		86E135F32A95631400FE8D65 /* JWTEndpoint.swift */ = {isa = PBXFileReference; fileEncoding = 4; lastKnownFileType = sourcecode.swift; path = JWTEndpoint.swift; sourceTree = "<group>"; };
		86E135F42A95631400FE8D65 /* TasteEndpoint.swift */ = {isa = PBXFileReference; fileEncoding = 4; lastKnownFileType = sourcecode.swift; path = TasteEndpoint.swift; sourceTree = "<group>"; };
		86E135F52A95631400FE8D65 /* UserEndpoint.swift */ = {isa = PBXFileReference; fileEncoding = 4; lastKnownFileType = sourcecode.swift; path = UserEndpoint.swift; sourceTree = "<group>"; };
		86E135F72A95631400FE8D65 /* HTTPClient.swift */ = {isa = PBXFileReference; fileEncoding = 4; lastKnownFileType = sourcecode.swift; path = HTTPClient.swift; sourceTree = "<group>"; };
		86E135F82A95631400FE8D65 /* RequestMethod.swift */ = {isa = PBXFileReference; fileEncoding = 4; lastKnownFileType = sourcecode.swift; path = RequestMethod.swift; sourceTree = "<group>"; };
		86E135F92A95631400FE8D65 /* RequestError.swift */ = {isa = PBXFileReference; fileEncoding = 4; lastKnownFileType = sourcecode.swift; path = RequestError.swift; sourceTree = "<group>"; };
		86E135FA2A95631400FE8D65 /* Endpoint.swift */ = {isa = PBXFileReference; fileEncoding = 4; lastKnownFileType = sourcecode.swift; path = Endpoint.swift; sourceTree = "<group>"; };
		86E135FC2A95631400FE8D65 /* UserService.swift */ = {isa = PBXFileReference; fileEncoding = 4; lastKnownFileType = sourcecode.swift; path = UserService.swift; sourceTree = "<group>"; };
		86E135FD2A95631400FE8D65 /* FilterService.swift */ = {isa = PBXFileReference; fileEncoding = 4; lastKnownFileType = sourcecode.swift; path = FilterService.swift; sourceTree = "<group>"; };
		86E135FE2A95631400FE8D65 /* IngredientService.swift */ = {isa = PBXFileReference; fileEncoding = 4; lastKnownFileType = sourcecode.swift; path = IngredientService.swift; sourceTree = "<group>"; };
		86E135FF2A95631400FE8D65 /* JWTService.swift */ = {isa = PBXFileReference; fileEncoding = 4; lastKnownFileType = sourcecode.swift; path = JWTService.swift; sourceTree = "<group>"; };
		86E136002A95631400FE8D65 /* CoctailService.swift */ = {isa = PBXFileReference; fileEncoding = 4; lastKnownFileType = sourcecode.swift; path = CoctailService.swift; sourceTree = "<group>"; };
/* End PBXFileReference section */

/* Begin PBXFrameworksBuildPhase section */
		86E1359F2A9562D400FE8D65 /* Frameworks */ = {
			isa = PBXFrameworksBuildPhase;
			buildActionMask = 2147483647;
			files = (
			);
			runOnlyForDeploymentPostprocessing = 0;
		};
/* End PBXFrameworksBuildPhase section */

/* Begin PBXGroup section */
		86E135992A9562D400FE8D65 = {
			isa = PBXGroup;
			children = (
				86E135A42A9562D400FE8D65 /* Workshop23.08 */,
				86E135A32A9562D400FE8D65 /* Products */,
			);
			sourceTree = "<group>";
		};
		86E135A32A9562D400FE8D65 /* Products */ = {
			isa = PBXGroup;
			children = (
				86E135A22A9562D400FE8D65 /* Workshop23.08.app */,
			);
			name = Products;
			sourceTree = "<group>";
		};
		86E135A42A9562D400FE8D65 /* Workshop23.08 */ = {
			isa = PBXGroup;
			children = (
				86E135E92A95631400FE8D65 /* Services */,
				86E135B32A95630100FE8D65 /* Models */,
				86E135A52A9562D400FE8D65 /* Workshop23_08App.swift */,
				86E135A72A9562D400FE8D65 /* ContentView.swift */,
				86E135A92A9562DC00FE8D65 /* Assets.xcassets */,
				86E135AB2A9562DC00FE8D65 /* Preview Content */,
			);
			path = Workshop23.08;
			sourceTree = "<group>";
		};
		86E135AB2A9562DC00FE8D65 /* Preview Content */ = {
			isa = PBXGroup;
			children = (
				86E135AC2A9562DC00FE8D65 /* Preview Assets.xcassets */,
			);
			path = "Preview Content";
			sourceTree = "<group>";
		};
		86E135B32A95630100FE8D65 /* Models */ = {
			isa = PBXGroup;
			children = (
				86E135B42A95630100FE8D65 /* StandartModels */,
				86E135C62A95630100FE8D65 /* AggregateModels */,
				86E135CC2A95630100FE8D65 /* CustomModels */,
			);
			path = Models;
			sourceTree = "<group>";
		};
		86E135B42A95630100FE8D65 /* StandartModels */ = {
			isa = PBXGroup;
			children = (
				86E135B52A95630100FE8D65 /* ResetPasswordModel.swift */,
				86E135B62A95630100FE8D65 /* StepModel.swift */,
				86E135B72A95630100FE8D65 /* InventoryModel.swift */,
				86E135B82A95630100FE8D65 /* IngredientModel.swift */,
				86E135B92A95630100FE8D65 /* CategoryModel.swift */,
				86E135BA2A95630100FE8D65 /* StrengthModel.swift */,
				86E135BB2A95630100FE8D65 /* CocktailRecommendationModel.swift */,
				86E135BC2A95630100FE8D65 /* AuthorModel.swift */,
				86E135BD2A95630100FE8D65 /* GlobalModel.swift */,
				86E135BE2A95630100FE8D65 /* CocktailModel.swift */,
				86E135BF2A95630100FE8D65 /* JWTTokenModel.swift */,
				86E135C02A95630100FE8D65 /* ComplexityModel.swift */,
				86E135C12A95630100FE8D65 /* UserModel.swift */,
				86E135C22A95630100FE8D65 /* TasteModel.swift */,
				86E135C32A95630100FE8D65 /* FormatModel.swift */,
				86E135C42A95630100FE8D65 /* ProfilePicModel.swift */,
				86E135C52A95630100FE8D65 /* TokenModel.swift */,
			);
			path = StandartModels;
			sourceTree = "<group>";
		};
		86E135C62A95630100FE8D65 /* AggregateModels */ = {
			isa = PBXGroup;
			children = (
				86E135C72A95630100FE8D65 /* UserAggregateModel.swift */,
				86E135C82A95630100FE8D65 /* PasswordResetAggregateModel.swift */,
				86E135C92A95630100FE8D65 /* FilterAggregateModel.swift */,
				86E135CA2A95630100FE8D65 /* CocktailAggregateModel.swift */,
				86E135CB2A95630100FE8D65 /* IngredientAggregateModel.swift */,
			);
			path = AggregateModels;
			sourceTree = "<group>";
		};
		86E135CC2A95630100FE8D65 /* CustomModels */ = {
			isa = PBXGroup;
			children = (
				86E135CD2A95630100FE8D65 /* AlertModel.swift */,
				86E135CE2A95630100FE8D65 /* AnyAnswerModel.swift */,
				86E135CF2A95630100FE8D65 /* UserCustom.swift */,
			);
			path = CustomModels;
			sourceTree = "<group>";
		};
		86E135E92A95631400FE8D65 /* Services */ = {
			isa = PBXGroup;
			children = (
				86E135EA2A95631400FE8D65 /* NetworkLayer */,
			);
			path = Services;
			sourceTree = "<group>";
		};
		86E135EA2A95631400FE8D65 /* NetworkLayer */ = {
			isa = PBXGroup;
			children = (
				86E135EB2A95631400FE8D65 /* Endpoints */,
				86E135F62A95631400FE8D65 /* Base */,
				86E135FB2A95631400FE8D65 /* Services */,
			);
			path = NetworkLayer;
			sourceTree = "<group>";
		};
		86E135EB2A95631400FE8D65 /* Endpoints */ = {
			isa = PBXGroup;
			children = (
				86E135EC2A95631400FE8D65 /* InventoryEndpoint.swift */,
				86E135ED2A95631400FE8D65 /* StrengthEndpoint.swift */,
				86E135EE2A95631400FE8D65 /* IngredientEndpoint.swift */,
				86E135EF2A95631400FE8D65 /* CocktailEndpoint.swift */,
				86E135F02A95631400FE8D65 /* BarEndpoint.swift */,
				86E135F12A95631400FE8D65 /* FormatEndpoint.swift */,
				86E135F22A95631400FE8D65 /* ComplexityEndpoint.swift */,
				86E135F32A95631400FE8D65 /* JWTEndpoint.swift */,
				86E135F42A95631400FE8D65 /* TasteEndpoint.swift */,
				86E135F52A95631400FE8D65 /* UserEndpoint.swift */,
			);
			path = Endpoints;
			sourceTree = "<group>";
		};
		86E135F62A95631400FE8D65 /* Base */ = {
			isa = PBXGroup;
			children = (
				86E135F72A95631400FE8D65 /* HTTPClient.swift */,
				86E135F82A95631400FE8D65 /* RequestMethod.swift */,
				86E135F92A95631400FE8D65 /* RequestError.swift */,
				86E135FA2A95631400FE8D65 /* Endpoint.swift */,
			);
			path = Base;
			sourceTree = "<group>";
		};
		86E135FB2A95631400FE8D65 /* Services */ = {
			isa = PBXGroup;
			children = (
				86E135FC2A95631400FE8D65 /* UserService.swift */,
				86E135FD2A95631400FE8D65 /* FilterService.swift */,
				86E135FE2A95631400FE8D65 /* IngredientService.swift */,
				86E135FF2A95631400FE8D65 /* JWTService.swift */,
				86E136002A95631400FE8D65 /* CoctailService.swift */,
			);
			path = Services;
			sourceTree = "<group>";
		};
/* End PBXGroup section */

/* Begin PBXNativeTarget section */
		86E135A12A9562D400FE8D65 /* Workshop23.08 */ = {
			isa = PBXNativeTarget;
			buildConfigurationList = 86E135B02A9562DC00FE8D65 /* Build configuration list for PBXNativeTarget "Workshop23.08" */;
			buildPhases = (
				86E1359E2A9562D400FE8D65 /* Sources */,
				86E1359F2A9562D400FE8D65 /* Frameworks */,
				86E135A02A9562D400FE8D65 /* Resources */,
			);
			buildRules = (
			);
			dependencies = (
			);
			name = Workshop23.08;
			productName = Workshop23.08;
			productReference = 86E135A22A9562D400FE8D65 /* Workshop23.08.app */;
			productType = "com.apple.product-type.application";
		};
/* End PBXNativeTarget section */

/* Begin PBXProject section */
		86E1359A2A9562D400FE8D65 /* Project object */ = {
			isa = PBXProject;
			attributes = {
				BuildIndependentTargetsInParallel = 1;
				LastSwiftUpdateCheck = 1500;
				LastUpgradeCheck = 1500;
				TargetAttributes = {
					86E135A12A9562D400FE8D65 = {
						CreatedOnToolsVersion = 15.0;
					};
				};
			};
			buildConfigurationList = 86E1359D2A9562D400FE8D65 /* Build configuration list for PBXProject "Workshop23.08" */;
			compatibilityVersion = "Xcode 14.0";
			developmentRegion = en;
			hasScannedForEncodings = 0;
			knownRegions = (
				en,
				Base,
			);
			mainGroup = 86E135992A9562D400FE8D65;
			productRefGroup = 86E135A32A9562D400FE8D65 /* Products */;
			projectDirPath = "";
			projectRoot = "";
			targets = (
				86E135A12A9562D400FE8D65 /* Workshop23.08 */,
			);
		};
/* End PBXProject section */

/* Begin PBXResourcesBuildPhase section */
		86E135A02A9562D400FE8D65 /* Resources */ = {
			isa = PBXResourcesBuildPhase;
			buildActionMask = 2147483647;
			files = (
				86E135AD2A9562DC00FE8D65 /* Preview Assets.xcassets in Resources */,
				86E135AA2A9562DC00FE8D65 /* Assets.xcassets in Resources */,
			);
			runOnlyForDeploymentPostprocessing = 0;
		};
/* End PBXResourcesBuildPhase section */

/* Begin PBXSourcesBuildPhase section */
		86E1359E2A9562D400FE8D65 /* Sources */ = {
			isa = PBXSourcesBuildPhase;
			buildActionMask = 2147483647;
			files = (
				86E135E02A95630100FE8D65 /* TokenModel.swift in Sources */,
				86E135D82A95630100FE8D65 /* GlobalModel.swift in Sources */,
				86E136052A95631400FE8D65 /* BarEndpoint.swift in Sources */,
				86E135D92A95630100FE8D65 /* CocktailModel.swift in Sources */,
				86E135D62A95630100FE8D65 /* CocktailRecommendationModel.swift in Sources */,
				86E136042A95631400FE8D65 /* CocktailEndpoint.swift in Sources */,
				86E135A82A9562D400FE8D65 /* ContentView.swift in Sources */,
				86E136132A95631400FE8D65 /* CoctailService.swift in Sources */,
				86E135D02A95630100FE8D65 /* ResetPasswordModel.swift in Sources */,
				86E135DE2A95630100FE8D65 /* FormatModel.swift in Sources */,
				86E135E42A95630100FE8D65 /* CocktailAggregateModel.swift in Sources */,
				86E135E62A95630100FE8D65 /* AlertModel.swift in Sources */,
				86E135E32A95630100FE8D65 /* FilterAggregateModel.swift in Sources */,
				86E136122A95631400FE8D65 /* JWTService.swift in Sources */,
				86E135D32A95630100FE8D65 /* IngredientModel.swift in Sources */,
				86E1360C2A95631400FE8D65 /* RequestMethod.swift in Sources */,
				86E1360F2A95631400FE8D65 /* UserService.swift in Sources */,
				86E135DA2A95630100FE8D65 /* JWTTokenModel.swift in Sources */,
				86E136102A95631400FE8D65 /* FilterService.swift in Sources */,
				86E135A62A9562D400FE8D65 /* Workshop23_08App.swift in Sources */,
				86E1360D2A95631400FE8D65 /* RequestError.swift in Sources */,
				86E135D42A95630100FE8D65 /* CategoryModel.swift in Sources */,
				86E136112A95631400FE8D65 /* IngredientService.swift in Sources */,
				86E136062A95631400FE8D65 /* FormatEndpoint.swift in Sources */,
				86E135E72A95630100FE8D65 /* AnyAnswerModel.swift in Sources */,
				86E135DF2A95630100FE8D65 /* ProfilePicModel.swift in Sources */,
				86E136022A95631400FE8D65 /* StrengthEndpoint.swift in Sources */,
				86E135D72A95630100FE8D65 /* AuthorModel.swift in Sources */,
				86E135E82A95630100FE8D65 /* UserCustom.swift in Sources */,
				86E135D22A95630100FE8D65 /* InventoryModel.swift in Sources */,
				86E135E12A95630100FE8D65 /* UserAggregateModel.swift in Sources */,
				86E1360E2A95631400FE8D65 /* Endpoint.swift in Sources */,
				86E135DB2A95630100FE8D65 /* ComplexityModel.swift in Sources */,
				86E135E52A95630100FE8D65 /* IngredientAggregateModel.swift in Sources */,
				86E136082A95631400FE8D65 /* JWTEndpoint.swift in Sources */,
				86E136072A95631400FE8D65 /* ComplexityEndpoint.swift in Sources */,
				86E136092A95631400FE8D65 /* TasteEndpoint.swift in Sources */,
				86E135D52A95630100FE8D65 /* StrengthModel.swift in Sources */,
				86E1360A2A95631400FE8D65 /* UserEndpoint.swift in Sources */,
				86E135DD2A95630100FE8D65 /* TasteModel.swift in Sources */,
				86E136032A95631400FE8D65 /* IngredientEndpoint.swift in Sources */,
				86E135DC2A95630100FE8D65 /* UserModel.swift in Sources */,
				86E136012A95631400FE8D65 /* InventoryEndpoint.swift in Sources */,
				86E135E22A95630100FE8D65 /* PasswordResetAggregateModel.swift in Sources */,
				86E1360B2A95631400FE8D65 /* HTTPClient.swift in Sources */,
				86E135D12A95630100FE8D65 /* StepModel.swift in Sources */,
			);
			runOnlyForDeploymentPostprocessing = 0;
		};
/* End PBXSourcesBuildPhase section */

/* Begin XCBuildConfiguration section */
		86E135AE2A9562DC00FE8D65 /* Debug */ = {
			isa = XCBuildConfiguration;
			buildSettings = {
				ALWAYS_SEARCH_USER_PATHS = NO;
				ASSETCATALOG_COMPILER_GENERATE_SWIFT_ASSET_SYMBOL_EXTENSIONS = YES;
				CLANG_ANALYZER_NONNULL = YES;
				CLANG_ANALYZER_NUMBER_OBJECT_CONVERSION = YES_AGGRESSIVE;
				CLANG_CXX_LANGUAGE_STANDARD = "gnu++20";
				CLANG_ENABLE_MODULES = YES;
				CLANG_ENABLE_OBJC_ARC = YES;
				CLANG_ENABLE_OBJC_WEAK = YES;
				CLANG_WARN_BLOCK_CAPTURE_AUTORELEASING = YES;
				CLANG_WARN_BOOL_CONVERSION = YES;
				CLANG_WARN_COMMA = YES;
				CLANG_WARN_CONSTANT_CONVERSION = YES;
				CLANG_WARN_DEPRECATED_OBJC_IMPLEMENTATIONS = YES;
				CLANG_WARN_DIRECT_OBJC_ISA_USAGE = YES_ERROR;
				CLANG_WARN_DOCUMENTATION_COMMENTS = YES;
				CLANG_WARN_EMPTY_BODY = YES;
				CLANG_WARN_ENUM_CONVERSION = YES;
				CLANG_WARN_INFINITE_RECURSION = YES;
				CLANG_WARN_INT_CONVERSION = YES;
				CLANG_WARN_NON_LITERAL_NULL_CONVERSION = YES;
				CLANG_WARN_OBJC_IMPLICIT_RETAIN_SELF = YES;
				CLANG_WARN_OBJC_LITERAL_CONVERSION = YES;
				CLANG_WARN_OBJC_ROOT_CLASS = YES_ERROR;
				CLANG_WARN_QUOTED_INCLUDE_IN_FRAMEWORK_HEADER = YES;
				CLANG_WARN_RANGE_LOOP_ANALYSIS = YES;
				CLANG_WARN_STRICT_PROTOTYPES = YES;
				CLANG_WARN_SUSPICIOUS_MOVE = YES;
				CLANG_WARN_UNGUARDED_AVAILABILITY = YES_AGGRESSIVE;
				CLANG_WARN_UNREACHABLE_CODE = YES;
				CLANG_WARN__DUPLICATE_METHOD_MATCH = YES;
				COPY_PHASE_STRIP = NO;
				DEBUG_INFORMATION_FORMAT = dwarf;
				ENABLE_STRICT_OBJC_MSGSEND = YES;
				ENABLE_TESTABILITY = YES;
				ENABLE_USER_SCRIPT_SANDBOXING = YES;
				GCC_C_LANGUAGE_STANDARD = gnu17;
				GCC_DYNAMIC_NO_PIC = NO;
				GCC_NO_COMMON_BLOCKS = YES;
				GCC_OPTIMIZATION_LEVEL = 0;
				GCC_PREPROCESSOR_DEFINITIONS = (
					"DEBUG=1",
					"$(inherited)",
				);
				GCC_WARN_64_TO_32_BIT_CONVERSION = YES;
				GCC_WARN_ABOUT_RETURN_TYPE = YES_ERROR;
				GCC_WARN_UNDECLARED_SELECTOR = YES;
				GCC_WARN_UNINITIALIZED_AUTOS = YES_AGGRESSIVE;
				GCC_WARN_UNUSED_FUNCTION = YES;
				GCC_WARN_UNUSED_VARIABLE = YES;
				IPHONEOS_DEPLOYMENT_TARGET = 17.0;
				LOCALIZATION_PREFERS_STRING_CATALOGS = YES;
				MTL_ENABLE_DEBUG_INFO = INCLUDE_SOURCE;
				MTL_FAST_MATH = YES;
				ONLY_ACTIVE_ARCH = YES;
				SDKROOT = iphoneos;
				SWIFT_ACTIVE_COMPILATION_CONDITIONS = "DEBUG $(inherited)";
				SWIFT_OPTIMIZATION_LEVEL = "-Onone";
			};
			name = Debug;
		};
		86E135AF2A9562DC00FE8D65 /* Release */ = {
			isa = XCBuildConfiguration;
			buildSettings = {
				ALWAYS_SEARCH_USER_PATHS = NO;
				ASSETCATALOG_COMPILER_GENERATE_SWIFT_ASSET_SYMBOL_EXTENSIONS = YES;
				CLANG_ANALYZER_NONNULL = YES;
				CLANG_ANALYZER_NUMBER_OBJECT_CONVERSION = YES_AGGRESSIVE;
				CLANG_CXX_LANGUAGE_STANDARD = "gnu++20";
				CLANG_ENABLE_MODULES = YES;
				CLANG_ENABLE_OBJC_ARC = YES;
				CLANG_ENABLE_OBJC_WEAK = YES;
				CLANG_WARN_BLOCK_CAPTURE_AUTORELEASING = YES;
				CLANG_WARN_BOOL_CONVERSION = YES;
				CLANG_WARN_COMMA = YES;
				CLANG_WARN_CONSTANT_CONVERSION = YES;
				CLANG_WARN_DEPRECATED_OBJC_IMPLEMENTATIONS = YES;
				CLANG_WARN_DIRECT_OBJC_ISA_USAGE = YES_ERROR;
				CLANG_WARN_DOCUMENTATION_COMMENTS = YES;
				CLANG_WARN_EMPTY_BODY = YES;
				CLANG_WARN_ENUM_CONVERSION = YES;
				CLANG_WARN_INFINITE_RECURSION = YES;
				CLANG_WARN_INT_CONVERSION = YES;
				CLANG_WARN_NON_LITERAL_NULL_CONVERSION = YES;
				CLANG_WARN_OBJC_IMPLICIT_RETAIN_SELF = YES;
				CLANG_WARN_OBJC_LITERAL_CONVERSION = YES;
				CLANG_WARN_OBJC_ROOT_CLASS = YES_ERROR;
				CLANG_WARN_QUOTED_INCLUDE_IN_FRAMEWORK_HEADER = YES;
				CLANG_WARN_RANGE_LOOP_ANALYSIS = YES;
				CLANG_WARN_STRICT_PROTOTYPES = YES;
				CLANG_WARN_SUSPICIOUS_MOVE = YES;
				CLANG_WARN_UNGUARDED_AVAILABILITY = YES_AGGRESSIVE;
				CLANG_WARN_UNREACHABLE_CODE = YES;
				CLANG_WARN__DUPLICATE_METHOD_MATCH = YES;
				COPY_PHASE_STRIP = NO;
				DEBUG_INFORMATION_FORMAT = "dwarf-with-dsym";
				ENABLE_NS_ASSERTIONS = NO;
				ENABLE_STRICT_OBJC_MSGSEND = YES;
				ENABLE_USER_SCRIPT_SANDBOXING = YES;
				GCC_C_LANGUAGE_STANDARD = gnu17;
				GCC_NO_COMMON_BLOCKS = YES;
				GCC_WARN_64_TO_32_BIT_CONVERSION = YES;
				GCC_WARN_ABOUT_RETURN_TYPE = YES_ERROR;
				GCC_WARN_UNDECLARED_SELECTOR = YES;
				GCC_WARN_UNINITIALIZED_AUTOS = YES_AGGRESSIVE;
				GCC_WARN_UNUSED_FUNCTION = YES;
				GCC_WARN_UNUSED_VARIABLE = YES;
				IPHONEOS_DEPLOYMENT_TARGET = 17.0;
				LOCALIZATION_PREFERS_STRING_CATALOGS = YES;
				MTL_ENABLE_DEBUG_INFO = NO;
				MTL_FAST_MATH = YES;
				SDKROOT = iphoneos;
				SWIFT_COMPILATION_MODE = wholemodule;
				VALIDATE_PRODUCT = YES;
			};
			name = Release;
		};
		86E135B12A9562DC00FE8D65 /* Debug */ = {
			isa = XCBuildConfiguration;
			buildSettings = {
				ASSETCATALOG_COMPILER_APPICON_NAME = AppIcon;
				ASSETCATALOG_COMPILER_GLOBAL_ACCENT_COLOR_NAME = AccentColor;
				CODE_SIGN_STYLE = Automatic;
				CURRENT_PROJECT_VERSION = 1;
				DEVELOPMENT_ASSET_PATHS = "\"Workshop23.08/Preview Content\"";
				DEVELOPMENT_TEAM = 4WQFD456R9;
				ENABLE_PREVIEWS = YES;
				GENERATE_INFOPLIST_FILE = YES;
				INFOPLIST_KEY_UIApplicationSceneManifest_Generation = YES;
				INFOPLIST_KEY_UIApplicationSupportsIndirectInputEvents = YES;
				INFOPLIST_KEY_UILaunchScreen_Generation = YES;
				INFOPLIST_KEY_UISupportedInterfaceOrientations_iPad = "UIInterfaceOrientationPortrait UIInterfaceOrientationPortraitUpsideDown UIInterfaceOrientationLandscapeLeft UIInterfaceOrientationLandscapeRight";
				INFOPLIST_KEY_UISupportedInterfaceOrientations_iPhone = "UIInterfaceOrientationPortrait UIInterfaceOrientationLandscapeLeft UIInterfaceOrientationLandscapeRight";
				LD_RUNPATH_SEARCH_PATHS = (
					"$(inherited)",
					"@executable_path/Frameworks",
				);
				MARKETING_VERSION = 1.0;
				PRODUCT_BUNDLE_IDENTIFIER = "ru.iliaByHimself.Workshop23-08";
				PRODUCT_NAME = "$(TARGET_NAME)";
				SWIFT_EMIT_LOC_STRINGS = YES;
				SWIFT_VERSION = 5.0;
				TARGETED_DEVICE_FAMILY = "1,2";
			};
			name = Debug;
		};
		86E135B22A9562DC00FE8D65 /* Release */ = {
			isa = XCBuildConfiguration;
			buildSettings = {
				ASSETCATALOG_COMPILER_APPICON_NAME = AppIcon;
				ASSETCATALOG_COMPILER_GLOBAL_ACCENT_COLOR_NAME = AccentColor;
				CODE_SIGN_STYLE = Automatic;
				CURRENT_PROJECT_VERSION = 1;
				DEVELOPMENT_ASSET_PATHS = "\"Workshop23.08/Preview Content\"";
				DEVELOPMENT_TEAM = 4WQFD456R9;
				ENABLE_PREVIEWS = YES;
				GENERATE_INFOPLIST_FILE = YES;
				INFOPLIST_KEY_UIApplicationSceneManifest_Generation = YES;
				INFOPLIST_KEY_UIApplicationSupportsIndirectInputEvents = YES;
				INFOPLIST_KEY_UILaunchScreen_Generation = YES;
				INFOPLIST_KEY_UISupportedInterfaceOrientations_iPad = "UIInterfaceOrientationPortrait UIInterfaceOrientationPortraitUpsideDown UIInterfaceOrientationLandscapeLeft UIInterfaceOrientationLandscapeRight";
				INFOPLIST_KEY_UISupportedInterfaceOrientations_iPhone = "UIInterfaceOrientationPortrait UIInterfaceOrientationLandscapeLeft UIInterfaceOrientationLandscapeRight";
				LD_RUNPATH_SEARCH_PATHS = (
					"$(inherited)",
					"@executable_path/Frameworks",
				);
				MARKETING_VERSION = 1.0;
				PRODUCT_BUNDLE_IDENTIFIER = "ru.iliaByHimself.Workshop23-08";
				PRODUCT_NAME = "$(TARGET_NAME)";
				SWIFT_EMIT_LOC_STRINGS = YES;
				SWIFT_VERSION = 5.0;
				TARGETED_DEVICE_FAMILY = "1,2";
			};
			name = Release;
		};
/* End XCBuildConfiguration section */

/* Begin XCConfigurationList section */
		86E1359D2A9562D400FE8D65 /* Build configuration list for PBXProject "Workshop23.08" */ = {
			isa = XCConfigurationList;
			buildConfigurations = (
				86E135AE2A9562DC00FE8D65 /* Debug */,
				86E135AF2A9562DC00FE8D65 /* Release */,
			);
			defaultConfigurationIsVisible = 0;
			defaultConfigurationName = Release;
		};
		86E135B02A9562DC00FE8D65 /* Build configuration list for PBXNativeTarget "Workshop23.08" */ = {
			isa = XCConfigurationList;
			buildConfigurations = (
				86E135B12A9562DC00FE8D65 /* Debug */,
				86E135B22A9562DC00FE8D65 /* Release */,
			);
			defaultConfigurationIsVisible = 0;
			defaultConfigurationName = Release;
		};
/* End XCConfigurationList section */
	};
	rootObject = 86E1359A2A9562D400FE8D65 /* Project object */;
}
